
Microsoft Visual Studio Solution File, Format Version 12.00
# Visual Studio Version 17
VisualStudioVersion = 17.3.32825.248
MinimumVisualStudioVersion = 10.0.40219.1
Project("{FAE04EC0-301F-11D3-BF4B-00C04F79EFBC}") = "BasicPractice", "BasicPractice.csproj", "{420C9725-95D7-422C-854B-2C5C8CF17105}"
EndProject
Global
	GlobalSection(SolutionConfigurationPlatforms) = preSolution
		Debug|Any CPU = Debug|Any CPU
		Release|Any CPU = Release|Any CPU
	EndGlobalSection
	GlobalSection(ProjectConfigurationPlatforms) = postSolution
		{420C9725-95D7-422C-854B-2C5C8CF17105}.Debug|Any CPU.ActiveCfg = Debug|Any CPU
		{420C9725-95D7-422C-854B-2C5C8CF17105}.Debug|Any CPU.Build.0 = Debug|Any CPU
		{420C9725-95D7-422C-854B-2C5C8CF17105}.Release|Any CPU.ActiveCfg = Release|Any CPU
		{420C9725-95D7-422C-854B-2C5C8CF17105}.Release|Any CPU.Build.0 = Release|Any CPU
	EndGlobalSection
	GlobalSection(SolutionProperties) = preSolution
		HideSolutionNode = FALSE
	EndGlobalSection
	GlobalSection(ExtensibilityGlobals) = postSolution
		SolutionGuid = {E2AF2286-307A-4EE2-956A-40ED3F4753A7}
	EndGlobalSection
EndGlobal
